
Microsoft Visual Studio Solution File, Format Version 12.00
# Visual Studio Version 17
VisualStudioVersion = 17.12.35527.113
MinimumVisualStudioVersion = 10.0.40219.1
Project("{FAE04EC0-301F-11D3-BF4B-00C04F79EFBC}") = "WebForms", "WebForms\WebForms.csproj", "{89E91205-A3A0-4170-A701-7D8C2F301280}"
EndProject
Project("{2150E333-8FDC-42A3-9474-1A3956D46DE8}") = "Solution Items", "Solution Items", "{5EC0622A-7445-488B-BDE1-461A6CA8ECEB}"
EndProject
Global
	GlobalSection(SolutionConfigurationPlatforms) = preSolution
		Debug|Any CPU = Debug|Any CPU
		Release|Any CPU = Release|Any CPU
	EndGlobalSection
	GlobalSection(ProjectConfigurationPlatforms) = postSolution
		{89E91205-A3A0-4170-A701-7D8C2F301280}.Debug|Any CPU.ActiveCfg = Debug|Any CPU
		{89E91205-A3A0-4170-A701-7D8C2F301280}.Debug|Any CPU.Build.0 = Debug|Any CPU
		{89E91205-A3A0-4170-A701-7D8C2F301280}.Release|Any CPU.ActiveCfg = Release|Any CPU
		{89E91205-A3A0-4170-A701-7D8C2F301280}.Release|Any CPU.Build.0 = Release|Any CPU
	EndGlobalSection
	GlobalSection(SolutionProperties) = preSolution
		HideSolutionNode = FALSE
	EndGlobalSection
	GlobalSection(ExtensibilityGlobals) = postSolution
		SolutionGuid = {782BEA81-6586-49B0-88D7-63641F9F55D5}
	EndGlobalSection
EndGlobal
